
Microsoft Visual Studio Solution File, Format Version 12.00
# Visual Studio Version 16
VisualStudioVersion = 16.0.34031.81
MinimumVisualStudioVersion = 10.0.40219.1
Project("{2150E333-8FDC-42A3-9474-1A3956D46DE8}") = "Task0", "Task0", "{D9DEA512-78E1-43F9-8D91-730E1119E2F8}"
EndProject
Project("{FAE04EC0-301F-11D3-BF4B-00C04F79EFBC}") = "Tyuiu.DeminDA.Sprint3.Task0.V26", "Tyuiu.DeminDA.Sprint3.Task0.V26\Tyuiu.DeminDA.Sprint3.Task0.V26.csproj", "{6D7BBFA5-62EE-4F97-9637-EBBA7DBD1ED2}"
EndProject
Project("{FAE04EC0-301F-11D3-BF4B-00C04F79EFBC}") = "Tyuiu.DeminDA.Sprint3.Task0.V26.Lib", "Tyuiu.DeminDA.Sprint3.Task0.V26.Lib\Tyuiu.DeminDA.Sprint3.Task0.V26.Lib.csproj", "{77BD6FA6-FC06-4566-B03B-51E2EF807686}"
EndProject
Project("{FAE04EC0-301F-11D3-BF4B-00C04F79EFBC}") = "Tyuiu.DeminDA.Sprint3.Task0.V26.Test", "Tyuiu.DeminDA.Sprint3.Task0.V26.Test\Tyuiu.DeminDA.Sprint3.Task0.V26.Test.csproj", "{5F3AA4AC-FCC4-42DA-BC37-E9EC79A9A702}"
EndProject
Project("{2150E333-8FDC-42A3-9474-1A3956D46DE8}") = "Task1", "Task1", "{510B3AC0-583C-4D91-885E-9B6A7225AB7A}"
EndProject
Project("{FAE04EC0-301F-11D3-BF4B-00C04F79EFBC}") = "Tyuiu.DeminDA.Sprint3.Task1.V19", "Tyuiu.DeminDA.Sprint3.Task1.V19\Tyuiu.DeminDA.Sprint3.Task1.V19.csproj", "{ED294571-18C5-44B1-8A86-005A60128BB8}"
EndProject
Project("{FAE04EC0-301F-11D3-BF4B-00C04F79EFBC}") = "Tyuiu.DeminDA.Sprint3.Task1.V19.Lib", "Tyuiu.DeminDA.Sprint3.Task1.V19.Lib\Tyuiu.DeminDA.Sprint3.Task1.V19.Lib.csproj", "{C11F044F-1932-4148-BA7A-D3D79ED9B0A2}"
EndProject
Project("{FAE04EC0-301F-11D3-BF4B-00C04F79EFBC}") = "Tyuiu.DeminDA.Sprint3.Task1.V19.Test", "Tyuiu.DeminDA.Sprint3.Task1.V19.Test\Tyuiu.DeminDA.Sprint3.Task1.V19.Test.csproj", "{FFD1EFFA-311F-4CBF-861D-9181D59F9059}"
EndProject
Project("{2150E333-8FDC-42A3-9474-1A3956D46DE8}") = "Task2", "Task2", "{904926DC-A1D8-4525-B2A4-BC6049568F9F}"
EndProject
Project("{FAE04EC0-301F-11D3-BF4B-00C04F79EFBC}") = "Tyuiu.DeminDA.Sprint3.Task2.V24", "Tyuiu.DeminDA.Sprint3.Task2.V24\Tyuiu.DeminDA.Sprint3.Task2.V24.csproj", "{463C77E0-E9EF-4293-ACAF-4BC0537AD87A}"
EndProject
Project("{FAE04EC0-301F-11D3-BF4B-00C04F79EFBC}") = "Tyuiu.DeminDA.Sprint3.Task2.V24.Lib", "Tyuiu.DeminDA.Sprint3.Task2.V24.Lib\Tyuiu.DeminDA.Sprint3.Task2.V24.Lib.csproj", "{87AA27E9-57A9-4DF3-8216-2D7AD0DA3104}"
EndProject
Project("{FAE04EC0-301F-11D3-BF4B-00C04F79EFBC}") = "Tyuiu.DeminDA.Sprint3.Task2.V24.Test", "Tyuiu.DeminDA.Sprint3.Task2.V24.Test\Tyuiu.DeminDA.Sprint3.Task2.V24.Test.csproj", "{33B9D157-2BF8-477F-9E33-F6152406A6F4}"
EndProject
Project("{2150E333-8FDC-42A3-9474-1A3956D46DE8}") = "Task3", "Task3", "{B68A6854-09FB-4C1E-A297-A7189B0193A5}"
EndProject
Project("{FAE04EC0-301F-11D3-BF4B-00C04F79EFBC}") = "Tyuiu.DeminDA.Sprint3.Task3.V30", "Tyuiu.DeminDA.Sprint3.Task3.V30\Tyuiu.DeminDA.Sprint3.Task3.V30.csproj", "{D439CF9B-385D-47AA-A9C6-8BA010282A37}"
EndProject
Project("{FAE04EC0-301F-11D3-BF4B-00C04F79EFBC}") = "Tyuiu.DeminDA.Sprint3.Task3.V30.Lib", "Tyuiu.DeminDA.Sprint3.Task3.V30.Lib\Tyuiu.DeminDA.Sprint3.Task3.V30.Lib.csproj", "{7B07E648-B9C7-4B9C-9D42-16BC34372884}"
EndProject
Project("{FAE04EC0-301F-11D3-BF4B-00C04F79EFBC}") = "Tyuiu.DeminDA.Sprint3.Task3.V30.Test", "Tyuiu.DeminDA.Sprint3.Task3.V30.Test\Tyuiu.DeminDA.Sprint3.Task3.V30.Test.csproj", "{6048F3AC-B44E-4C00-A856-B38171170FD2}"
EndProject
Global
	GlobalSection(SolutionConfigurationPlatforms) = preSolution
		Debug|Any CPU = Debug|Any CPU
		Release|Any CPU = Release|Any CPU
	EndGlobalSection
	GlobalSection(ProjectConfigurationPlatforms) = postSolution
		{6D7BBFA5-62EE-4F97-9637-EBBA7DBD1ED2}.Debug|Any CPU.ActiveCfg = Debug|Any CPU
		{6D7BBFA5-62EE-4F97-9637-EBBA7DBD1ED2}.Debug|Any CPU.Build.0 = Debug|Any CPU
		{6D7BBFA5-62EE-4F97-9637-EBBA7DBD1ED2}.Release|Any CPU.ActiveCfg = Release|Any CPU
		{6D7BBFA5-62EE-4F97-9637-EBBA7DBD1ED2}.Release|Any CPU.Build.0 = Release|Any CPU
		{77BD6FA6-FC06-4566-B03B-51E2EF807686}.Debug|Any CPU.ActiveCfg = Debug|Any CPU
		{77BD6FA6-FC06-4566-B03B-51E2EF807686}.Debug|Any CPU.Build.0 = Debug|Any CPU
		{77BD6FA6-FC06-4566-B03B-51E2EF807686}.Release|Any CPU.ActiveCfg = Release|Any CPU
		{77BD6FA6-FC06-4566-B03B-51E2EF807686}.Release|Any CPU.Build.0 = Release|Any CPU
		{5F3AA4AC-FCC4-42DA-BC37-E9EC79A9A702}.Debug|Any CPU.ActiveCfg = Debug|Any CPU
		{5F3AA4AC-FCC4-42DA-BC37-E9EC79A9A702}.Debug|Any CPU.Build.0 = Debug|Any CPU
		{5F3AA4AC-FCC4-42DA-BC37-E9EC79A9A702}.Release|Any CPU.ActiveCfg = Release|Any CPU
		{5F3AA4AC-FCC4-42DA-BC37-E9EC79A9A702}.Release|Any CPU.Build.0 = Release|Any CPU
		{ED294571-18C5-44B1-8A86-005A60128BB8}.Debug|Any CPU.ActiveCfg = Debug|Any CPU
		{ED294571-18C5-44B1-8A86-005A60128BB8}.Debug|Any CPU.Build.0 = Debug|Any CPU
		{ED294571-18C5-44B1-8A86-005A60128BB8}.Release|Any CPU.ActiveCfg = Release|Any CPU
		{ED294571-18C5-44B1-8A86-005A60128BB8}.Release|Any CPU.Build.0 = Release|Any CPU
		{C11F044F-1932-4148-BA7A-D3D79ED9B0A2}.Debug|Any CPU.ActiveCfg = Debug|Any CPU
		{C11F044F-1932-4148-BA7A-D3D79ED9B0A2}.Debug|Any CPU.Build.0 = Debug|Any CPU
		{C11F044F-1932-4148-BA7A-D3D79ED9B0A2}.Release|Any CPU.ActiveCfg = Release|Any CPU
		{C11F044F-1932-4148-BA7A-D3D79ED9B0A2}.Release|Any CPU.Build.0 = Release|Any CPU
		{FFD1EFFA-311F-4CBF-861D-9181D59F9059}.Debug|Any CPU.ActiveCfg = Debug|Any CPU
		{FFD1EFFA-311F-4CBF-861D-9181D59F9059}.Debug|Any CPU.Build.0 = Debug|Any CPU
		{FFD1EFFA-311F-4CBF-861D-9181D59F9059}.Release|Any CPU.ActiveCfg = Release|Any CPU
		{FFD1EFFA-311F-4CBF-861D-9181D59F9059}.Release|Any CPU.Build.0 = Release|Any CPU
		{463C77E0-E9EF-4293-ACAF-4BC0537AD87A}.Debug|Any CPU.ActiveCfg = Debug|Any CPU
		{463C77E0-E9EF-4293-ACAF-4BC0537AD87A}.Debug|Any CPU.Build.0 = Debug|Any CPU
		{463C77E0-E9EF-4293-ACAF-4BC0537AD87A}.Release|Any CPU.ActiveCfg = Release|Any CPU
		{463C77E0-E9EF-4293-ACAF-4BC0537AD87A}.Release|Any CPU.Build.0 = Release|Any CPU
		{87AA27E9-57A9-4DF3-8216-2D7AD0DA3104}.Debug|Any CPU.ActiveCfg = Debug|Any CPU
		{87AA27E9-57A9-4DF3-8216-2D7AD0DA3104}.Debug|Any CPU.Build.0 = Debug|Any CPU
		{87AA27E9-57A9-4DF3-8216-2D7AD0DA3104}.Release|Any CPU.ActiveCfg = Release|Any CPU
		{87AA27E9-57A9-4DF3-8216-2D7AD0DA3104}.Release|Any CPU.Build.0 = Release|Any CPU
		{33B9D157-2BF8-477F-9E33-F6152406A6F4}.Debug|Any CPU.ActiveCfg = Debug|Any CPU
		{33B9D157-2BF8-477F-9E33-F6152406A6F4}.Debug|Any CPU.Build.0 = Debug|Any CPU
		{33B9D157-2BF8-477F-9E33-F6152406A6F4}.Release|Any CPU.ActiveCfg = Release|Any CPU
		{33B9D157-2BF8-477F-9E33-F6152406A6F4}.Release|Any CPU.Build.0 = Release|Any CPU
		{D439CF9B-385D-47AA-A9C6-8BA010282A37}.Debug|Any CPU.ActiveCfg = Debug|Any CPU
		{D439CF9B-385D-47AA-A9C6-8BA010282A37}.Debug|Any CPU.Build.0 = Debug|Any CPU
		{D439CF9B-385D-47AA-A9C6-8BA010282A37}.Release|Any CPU.ActiveCfg = Release|Any CPU
		{D439CF9B-385D-47AA-A9C6-8BA010282A37}.Release|Any CPU.Build.0 = Release|Any CPU
		{7B07E648-B9C7-4B9C-9D42-16BC34372884}.Debug|Any CPU.ActiveCfg = Debug|Any CPU
		{7B07E648-B9C7-4B9C-9D42-16BC34372884}.Debug|Any CPU.Build.0 = Debug|Any CPU
		{7B07E648-B9C7-4B9C-9D42-16BC34372884}.Release|Any CPU.ActiveCfg = Release|Any CPU
		{7B07E648-B9C7-4B9C-9D42-16BC34372884}.Release|Any CPU.Build.0 = Release|Any CPU
		{6048F3AC-B44E-4C00-A856-B38171170FD2}.Debug|Any CPU.ActiveCfg = Debug|Any CPU
		{6048F3AC-B44E-4C00-A856-B38171170FD2}.Debug|Any CPU.Build.0 = Debug|Any CPU
		{6048F3AC-B44E-4C00-A856-B38171170FD2}.Release|Any CPU.ActiveCfg = Release|Any CPU
		{6048F3AC-B44E-4C00-A856-B38171170FD2}.Release|Any CPU.Build.0 = Release|Any CPU
	EndGlobalSection
	GlobalSection(SolutionProperties) = preSolution
		HideSolutionNode = FALSE
	EndGlobalSection
	GlobalSection(NestedProjects) = preSolution
		{6D7BBFA5-62EE-4F97-9637-EBBA7DBD1ED2} = {D9DEA512-78E1-43F9-8D91-730E1119E2F8}
		{77BD6FA6-FC06-4566-B03B-51E2EF807686} = {D9DEA512-78E1-43F9-8D91-730E1119E2F8}
		{5F3AA4AC-FCC4-42DA-BC37-E9EC79A9A702} = {D9DEA512-78E1-43F9-8D91-730E1119E2F8}
		{ED294571-18C5-44B1-8A86-005A60128BB8} = {510B3AC0-583C-4D91-885E-9B6A7225AB7A}
		{C11F044F-1932-4148-BA7A-D3D79ED9B0A2} = {510B3AC0-583C-4D91-885E-9B6A7225AB7A}
		{FFD1EFFA-311F-4CBF-861D-9181D59F9059} = {510B3AC0-583C-4D91-885E-9B6A7225AB7A}
		{463C77E0-E9EF-4293-ACAF-4BC0537AD87A} = {904926DC-A1D8-4525-B2A4-BC6049568F9F}
		{87AA27E9-57A9-4DF3-8216-2D7AD0DA3104} = {904926DC-A1D8-4525-B2A4-BC6049568F9F}
		{33B9D157-2BF8-477F-9E33-F6152406A6F4} = {904926DC-A1D8-4525-B2A4-BC6049568F9F}
		{D439CF9B-385D-47AA-A9C6-8BA010282A37} = {B68A6854-09FB-4C1E-A297-A7189B0193A5}
		{7B07E648-B9C7-4B9C-9D42-16BC34372884} = {B68A6854-09FB-4C1E-A297-A7189B0193A5}
		{6048F3AC-B44E-4C00-A856-B38171170FD2} = {B68A6854-09FB-4C1E-A297-A7189B0193A5}
	EndGlobalSection
	GlobalSection(ExtensibilityGlobals) = postSolution
		SolutionGuid = {7945AD0F-C5D4-4E18-9E19-9776F30C1BBA}
	EndGlobalSection
EndGlobal
